
Microsoft Visual Studio Solution File, Format Version 12.00
# Visual Studio Version 16
VisualStudioVersion = 16.0.30621.155
MinimumVisualStudioVersion = 10.0.40219.1
Project("{E24C65DC-7377-472B-9ABA-BC803B73C61A}") = "DoAn1", "DoAn1\", "{87D5B912-60D5-4501-AA7D-F75500995294}"
	ProjectSection(WebsiteProperties) = preProject
		TargetFrameworkMoniker = ".NETFramework,Version%3Dv4.5"
		Debug.AspNetCompiler.VirtualPath = "/localhost_59571"
		Debug.AspNetCompiler.PhysicalPath = "DoAn1\"
		Debug.AspNetCompiler.TargetPath = "PrecompiledWeb\localhost_59571\"
		Debug.AspNetCompiler.Updateable = "true"
		Debug.AspNetCompiler.ForceOverwrite = "true"
		Debug.AspNetCompiler.FixedNames = "false"
		Debug.AspNetCompiler.Debug = "True"
		Release.AspNetCompiler.VirtualPath = "/localhost_59571"
		Release.AspNetCompiler.PhysicalPath = "DoAn1\"
		Release.AspNetCompiler.TargetPath = "PrecompiledWeb\localhost_59571\"
		Release.AspNetCompiler.Updateable = "true"
		Release.AspNetCompiler.ForceOverwrite = "true"
		Release.AspNetCompiler.FixedNames = "false"
		Release.AspNetCompiler.Debug = "False"
		VWDPort = "59571"
		SlnRelativePath = "DoAn1\"
	EndProjectSection
EndProject
Global
	GlobalSection(SolutionConfigurationPlatforms) = preSolution
		Debug|Any CPU = Debug|Any CPU
	EndGlobalSection
	GlobalSection(ProjectConfigurationPlatforms) = postSolution
		{87D5B912-60D5-4501-AA7D-F75500995294}.Debug|Any CPU.ActiveCfg = Debug|Any CPU
		{87D5B912-60D5-4501-AA7D-F75500995294}.Debug|Any CPU.Build.0 = Debug|Any CPU
	EndGlobalSection
	GlobalSection(SolutionProperties) = preSolution
		HideSolutionNode = FALSE
	EndGlobalSection
	GlobalSection(ExtensibilityGlobals) = postSolution
		SolutionGuid = {569869CB-E016-40A1-99E6-76C6F0C6774C}
	EndGlobalSection
EndGlobal
